
Microsoft Visual Studio Solution File, Format Version 12.00
# Visual Studio Version 17
VisualStudioVersion = 17.0.31919.166
MinimumVisualStudioVersion = 10.0.40219.1
Project("{FAE04EC0-301F-11D3-BF4B-00C04F79EFBC}") = "PokemonBoardGame_CardGenerator", "PokemonBoardGame_CardGenerator\PokemonBoardGame_CardGenerator.csproj", "{493946C0-130D-402B-A2D7-52279F375FD0}"
EndProject
Global
	GlobalSection(SolutionConfigurationPlatforms) = preSolution
		Debug|Any CPU = Debug|Any CPU
		Release|Any CPU = Release|Any CPU
	EndGlobalSection
	GlobalSection(ProjectConfigurationPlatforms) = postSolution
		{493946C0-130D-402B-A2D7-52279F375FD0}.Debug|Any CPU.ActiveCfg = Debug|Any CPU
		{493946C0-130D-402B-A2D7-52279F375FD0}.Debug|Any CPU.Build.0 = Debug|Any CPU
		{493946C0-130D-402B-A2D7-52279F375FD0}.Release|Any CPU.ActiveCfg = Release|Any CPU
		{493946C0-130D-402B-A2D7-52279F375FD0}.Release|Any CPU.Build.0 = Release|Any CPU
	EndGlobalSection
	GlobalSection(SolutionProperties) = preSolution
		HideSolutionNode = FALSE
	EndGlobalSection
	GlobalSection(ExtensibilityGlobals) = postSolution
		SolutionGuid = {37ADD889-C323-43A4-9373-085923422339}
	EndGlobalSection
EndGlobal
